
Microsoft Visual Studio Solution File, Format Version 12.00
# Visual Studio Version 17
VisualStudioVersion = 17.14.36401.2 d17.14
MinimumVisualStudioVersion = 10.0.40219.1
Project("{FAE04EC0-301F-11D3-BF4B-00C04F79EFBC}") = "ToyStore.API", "ToyStore.API\ToyStore.API.csproj", "{277C69D1-C934-47F7-B621-869FDE30F84E}"
EndProject
Global
	GlobalSection(SolutionConfigurationPlatforms) = preSolution
		Debug|Any CPU = Debug|Any CPU
		Release|Any CPU = Release|Any CPU
	EndGlobalSection
	GlobalSection(ProjectConfigurationPlatforms) = postSolution
		{277C69D1-C934-47F7-B621-869FDE30F84E}.Debug|Any CPU.ActiveCfg = Debug|Any CPU
		{277C69D1-C934-47F7-B621-869FDE30F84E}.Debug|Any CPU.Build.0 = Debug|Any CPU
		{277C69D1-C934-47F7-B621-869FDE30F84E}.Release|Any CPU.ActiveCfg = Release|Any CPU
		{277C69D1-C934-47F7-B621-869FDE30F84E}.Release|Any CPU.Build.0 = Release|Any CPU
	EndGlobalSection
	GlobalSection(SolutionProperties) = preSolution
		HideSolutionNode = FALSE
	EndGlobalSection
	GlobalSection(ExtensibilityGlobals) = postSolution
		SolutionGuid = {38564EA9-1756-4A9E-ACEE-51EC9F362F5E}
	EndGlobalSection
EndGlobal
